
Microsoft Visual Studio Solution File, Format Version 12.00
# Visual Studio 15
VisualStudioVersion = 15.0.26430.14
MinimumVisualStudioVersion = 10.0.40219.1
Project("{FAE04EC0-301F-11D3-BF4B-00C04F79EFBC}") = "MinerMonitor", "MinerMonitor\MinerMonitor.csproj", "{B28BE97C-7B2D-4191-81C2-7459CFAEFE48}"
EndProject
Project("{FAE04EC0-301F-11D3-BF4B-00C04F79EFBC}") = "MinerMonitor.Infrastructure", "MinerMonitor.Infrastructure\MinerMonitor.Infrastructure.csproj", "{9B4B5915-483F-4A31-A4F5-145027A75F6E}"
EndProject
Global
	GlobalSection(SolutionConfigurationPlatforms) = preSolution
		Debug|Any CPU = Debug|Any CPU
		Release|Any CPU = Release|Any CPU
	EndGlobalSection
	GlobalSection(ProjectConfigurationPlatforms) = postSolution
		{B28BE97C-7B2D-4191-81C2-7459CFAEFE48}.Debug|Any CPU.ActiveCfg = Debug|Any CPU
		{B28BE97C-7B2D-4191-81C2-7459CFAEFE48}.Debug|Any CPU.Build.0 = Debug|Any CPU
		{B28BE97C-7B2D-4191-81C2-7459CFAEFE48}.Release|Any CPU.ActiveCfg = Release|Any CPU
		{B28BE97C-7B2D-4191-81C2-7459CFAEFE48}.Release|Any CPU.Build.0 = Release|Any CPU
		{9B4B5915-483F-4A31-A4F5-145027A75F6E}.Debug|Any CPU.ActiveCfg = Debug|Any CPU
		{9B4B5915-483F-4A31-A4F5-145027A75F6E}.Debug|Any CPU.Build.0 = Debug|Any CPU
		{9B4B5915-483F-4A31-A4F5-145027A75F6E}.Release|Any CPU.ActiveCfg = Release|Any CPU
		{9B4B5915-483F-4A31-A4F5-145027A75F6E}.Release|Any CPU.Build.0 = Release|Any CPU
	EndGlobalSection
	GlobalSection(SolutionProperties) = preSolution
		HideSolutionNode = FALSE
	EndGlobalSection
EndGlobal
